
Microsoft Visual Studio Solution File, Format Version 12.00
# Visual Studio Version 16
VisualStudioVersion = 16.0.29911.84
MinimumVisualStudioVersion = 10.0.40219.1
Project("{FAE04EC0-301F-11D3-BF4B-00C04F79EFBC}") = "Punto_ventas", "Punto_ventas\Punto_ventas.csproj", "{B9C9FD7E-84B5-4E3E-91B8-1C50AC8A1400}"
EndProject
Project("{FAE04EC0-301F-11D3-BF4B-00C04F79EFBC}") = "capa_datos", "capa_datos\capa_datos.csproj", "{97556C0E-6998-4416-B1C3-2DE5A4561DA3}"
EndProject
Project("{FAE04EC0-301F-11D3-BF4B-00C04F79EFBC}") = "capa_negocio", "capa_negocio\capa_negocio.csproj", "{F757C978-7F75-4672-81AD-EE8984EF7A48}"
EndProject
Global
	GlobalSection(SolutionConfigurationPlatforms) = preSolution
		Debug|Any CPU = Debug|Any CPU
		Release|Any CPU = Release|Any CPU
	EndGlobalSection
	GlobalSection(ProjectConfigurationPlatforms) = postSolution
		{B9C9FD7E-84B5-4E3E-91B8-1C50AC8A1400}.Debug|Any CPU.ActiveCfg = Debug|Any CPU
		{B9C9FD7E-84B5-4E3E-91B8-1C50AC8A1400}.Debug|Any CPU.Build.0 = Debug|Any CPU
		{B9C9FD7E-84B5-4E3E-91B8-1C50AC8A1400}.Release|Any CPU.ActiveCfg = Release|Any CPU
		{B9C9FD7E-84B5-4E3E-91B8-1C50AC8A1400}.Release|Any CPU.Build.0 = Release|Any CPU
		{97556C0E-6998-4416-B1C3-2DE5A4561DA3}.Debug|Any CPU.ActiveCfg = Debug|Any CPU
		{97556C0E-6998-4416-B1C3-2DE5A4561DA3}.Debug|Any CPU.Build.0 = Debug|Any CPU
		{97556C0E-6998-4416-B1C3-2DE5A4561DA3}.Release|Any CPU.ActiveCfg = Release|Any CPU
		{97556C0E-6998-4416-B1C3-2DE5A4561DA3}.Release|Any CPU.Build.0 = Release|Any CPU
		{F757C978-7F75-4672-81AD-EE8984EF7A48}.Debug|Any CPU.ActiveCfg = Debug|Any CPU
		{F757C978-7F75-4672-81AD-EE8984EF7A48}.Debug|Any CPU.Build.0 = Debug|Any CPU
		{F757C978-7F75-4672-81AD-EE8984EF7A48}.Release|Any CPU.ActiveCfg = Release|Any CPU
		{F757C978-7F75-4672-81AD-EE8984EF7A48}.Release|Any CPU.Build.0 = Release|Any CPU
	EndGlobalSection
	GlobalSection(SolutionProperties) = preSolution
		HideSolutionNode = FALSE
	EndGlobalSection
	GlobalSection(ExtensibilityGlobals) = postSolution
		SolutionGuid = {D5138B6C-AD51-4961-A0AF-040FFFE486E3}
	EndGlobalSection
EndGlobal
